# THIS IS AN AUTOGENERATED FILE. DO NOT EDIT THIS FILE DIRECTLY.
# yarn lockfile v1


xterm@^5.0.0:
  version "5.0.0"
  resolved "https://registry.yarnpkg.com/xterm/-/xterm-5.0.0.tgz#0af50509b33d0dc62fde7a4ec17750b8e453cc5c"
  integrity sha512-tmVsKzZovAYNDIaUinfz+VDclraQpPUnAME+JawosgWRMphInDded/PuY0xmU5dOhyeYZsI0nz5yd8dPYsdLTA==
